
Microsoft Visual Studio Solution File, Format Version 11.00
# Visual Studio 2010
Project("{FAE04EC0-301F-11D3-BF4B-00C04F79EFBC}") = "EyeOpen.Wpf.UI", "WpfImageButton\Src\Wpf.UI\EyeOpen.Wpf.UI.csproj", "{8E3FB4F2-BBAE-42DA-A137-CF83B40D72C0}"
EndProject
Project("{FAE04EC0-301F-11D3-BF4B-00C04F79EFBC}") = "EyeOpen.Wpf.UI.Controls", "CodeBase\Src\Wpf.UI.Controls\EyeOpen.Wpf.UI.Controls.csproj", "{1793D91D-C6BC-4E75-A85F-76CF71874AD3}"
EndProject
Project("{2150E333-8FDC-42A3-9474-1A3956D46DE8}") = "CodeBase", "CodeBase", "{93BBDA40-6942-4BE9-8C30-0D5C8B262F94}"
EndProject
Project("{2150E333-8FDC-42A3-9474-1A3956D46DE8}") = "WpfImageButton", "WpfImageButton", "{F6702967-4314-4AE9-9E34-105E4AA60C9B}"
EndProject
Project("{2150E333-8FDC-42A3-9474-1A3956D46DE8}") = "Layers", "Layers", "{1B4DFA51-43BF-4517-A8DF-A31BDA38BB03}"
EndProject
Project("{2150E333-8FDC-42A3-9474-1A3956D46DE8}") = "Layers", "Layers", "{CC7BF132-932D-40BF-8CBE-2E37E16AA3A6}"
EndProject
Project("{2150E333-8FDC-42A3-9474-1A3956D46DE8}") = "Client", "Client", "{805F57DF-B919-4693-99A4-76ACA76D6A2B}"
EndProject
Project("{2150E333-8FDC-42A3-9474-1A3956D46DE8}") = "Presentation", "Presentation", "{43B2A6E7-6024-4A27-8FFC-5CD8E8BF1639}"
EndProject
Project("{2150E333-8FDC-42A3-9474-1A3956D46DE8}") = "Client", "Client", "{4C2349C0-A6EC-43D5-B8F4-C74A6BD220CC}"
EndProject
Project("{2150E333-8FDC-42A3-9474-1A3956D46DE8}") = "Presentation", "Presentation", "{B6C9793C-BF30-4E80-BFA5-E54F2180563C}"
EndProject
Global
	GlobalSection(SolutionConfigurationPlatforms) = preSolution
		Debug|Any CPU = Debug|Any CPU
		Release|Any CPU = Release|Any CPU
	EndGlobalSection
	GlobalSection(ProjectConfigurationPlatforms) = postSolution
		{8E3FB4F2-BBAE-42DA-A137-CF83B40D72C0}.Debug|Any CPU.ActiveCfg = Debug|Any CPU
		{8E3FB4F2-BBAE-42DA-A137-CF83B40D72C0}.Debug|Any CPU.Build.0 = Debug|Any CPU
		{8E3FB4F2-BBAE-42DA-A137-CF83B40D72C0}.Release|Any CPU.ActiveCfg = Release|Any CPU
		{8E3FB4F2-BBAE-42DA-A137-CF83B40D72C0}.Release|Any CPU.Build.0 = Release|Any CPU
		{1793D91D-C6BC-4E75-A85F-76CF71874AD3}.Debug|Any CPU.ActiveCfg = Debug|Any CPU
		{1793D91D-C6BC-4E75-A85F-76CF71874AD3}.Debug|Any CPU.Build.0 = Debug|Any CPU
		{1793D91D-C6BC-4E75-A85F-76CF71874AD3}.Release|Any CPU.ActiveCfg = Release|Any CPU
		{1793D91D-C6BC-4E75-A85F-76CF71874AD3}.Release|Any CPU.Build.0 = Release|Any CPU
	EndGlobalSection
	GlobalSection(SolutionProperties) = preSolution
		HideSolutionNode = FALSE
	EndGlobalSection
	GlobalSection(NestedProjects) = preSolution
		{1B4DFA51-43BF-4517-A8DF-A31BDA38BB03} = {93BBDA40-6942-4BE9-8C30-0D5C8B262F94}
		{CC7BF132-932D-40BF-8CBE-2E37E16AA3A6} = {F6702967-4314-4AE9-9E34-105E4AA60C9B}
		{805F57DF-B919-4693-99A4-76ACA76D6A2B} = {1B4DFA51-43BF-4517-A8DF-A31BDA38BB03}
		{4C2349C0-A6EC-43D5-B8F4-C74A6BD220CC} = {CC7BF132-932D-40BF-8CBE-2E37E16AA3A6}
		{43B2A6E7-6024-4A27-8FFC-5CD8E8BF1639} = {805F57DF-B919-4693-99A4-76ACA76D6A2B}
		{1793D91D-C6BC-4E75-A85F-76CF71874AD3} = {43B2A6E7-6024-4A27-8FFC-5CD8E8BF1639}
		{B6C9793C-BF30-4E80-BFA5-E54F2180563C} = {4C2349C0-A6EC-43D5-B8F4-C74A6BD220CC}
		{8E3FB4F2-BBAE-42DA-A137-CF83B40D72C0} = {B6C9793C-BF30-4E80-BFA5-E54F2180563C}
	EndGlobalSection
EndGlobal
